<Solution>
  <Project Path="Pointframe.AutomationTests/Pointframe.AutomationTests.csproj" />
  <Project Path="Pointframe.Cli/Pointframe.Cli.csproj" />
  <Project Path="Pointframe.Data/Pointframe.Data.csproj" />
  <Project Path="Pointframe.Engine/Pointframe.Engine.csproj" />
  <Project Path="Pointframe.Mcp/Pointframe.Mcp.csproj" />
  <Project Path="Pointframe.Tests/Pointframe.Tests.csproj" />
  <Project Path="Pointframe/Pointframe.csproj" />
</Solution>
